// !$*UTF8*$!
{
	archiveVersion = 1;
	classes = {
	};
	objectVersion = 46;
	objects = {

/* Begin PBXBuildFile section */
		AE5F1E6D19E54F0400E30112 /* AppDelegate.swift in Sources */ = {isa = PBXBuildFile; fileRef = AE5F1E6C19E54F0400E30112 /* AppDelegate.swift */; };
		AE5F1E6F19E54F0400E30112 /* ViewController.swift in Sources */ = {isa = PBXBuildFile; fileRef = AE5F1E6E19E54F0400E30112 /* ViewController.swift */; };
		AE5F1E7219E54F0400E30112 /* Main.storyboard in Resources */ = {isa = PBXBuildFile; fileRef = AE5F1E7019E54F0400E30112 /* Main.storyboard */; };
		AE5F1E7419E54F0400E30112 /* Images.xcassets in Resources */ = {isa = PBXBuildFile; fileRef = AE5F1E7319E54F0400E30112 /* Images.xcassets */; };
		AE5F1E7719E54F0400E30112 /* LaunchScreen.xib in Resources */ = {isa = PBXBuildFile; fileRef = AE5F1E7519E54F0400E30112 /* LaunchScreen.xib */; };
		AE5F1E8319E54F0400E30112 /* UDPHolePunchingTests.swift in Sources */ = {isa = PBXBuildFile; fileRef = AE5F1E8219E54F0400E30112 /* UDPHolePunchingTests.swift */; };
		AE5F1E8F19E54F3200E30112 /* GCDAsyncUdpSocket.m in Sources */ = {isa = PBXBuildFile; fileRef = AE5F1E8E19E54F3200E30112 /* GCDAsyncUdpSocket.m */; };
/* End PBXBuildFile section */

/* Begin PBXContainerItemProxy section */
		AE5F1E7D19E54F0400E30112 /* PBXContainerItemProxy */ = {
			isa = PBXContainerItemProxy;
			containerPortal = AE5F1E5F19E54F0300E30112 /* Project object */;
			proxyType = 1;
			remoteGlobalIDString = AE5F1E6619E54F0300E30112;
			remoteInfo = UDPHolePunching;
		};
/* End PBXContainerItemProxy section */

/* Begin PBXFileReference section */
		AE5F1E6719E54F0300E30112 /* UDPHolePunching.app */ = {isa = PBXFileReference; explicitFileType = wrapper.application; includeInIndex = 0; path = UDPHolePunching.app; sourceTree = BUILT_PRODUCTS_DIR; };
		AE5F1E6B19E54F0400E30112 /* Info.plist */ = {isa = PBXFileReference; lastKnownFileType = text.plist.xml; path = Info.plist; sourceTree = "<group>"; };
		AE5F1E6C19E54F0400E30112 /* AppDelegate.swift */ = {isa = PBXFileReference; lastKnownFileType = sourcecode.swift; path = AppDelegate.swift; sourceTree = "<group>"; };
		AE5F1E6E19E54F0400E30112 /* ViewController.swift */ = {isa = PBXFileReference; lastKnownFileType = sourcecode.swift; path = ViewController.swift; sourceTree = "<group>"; };
		AE5F1E7119E54F0400E30112 /* Base */ = {isa = PBXFileReference; lastKnownFileType = file.storyboard; name = Base; path = Base.lproj/Main.storyboard; sourceTree = "<group>"; };
		AE5F1E7319E54F0400E30112 /* Images.xcassets */ = {isa = PBXFileReference; lastKnownFileType = folder.assetcatalog; path = Images.xcassets; sourceTree = "<group>"; };
		AE5F1E7619E54F0400E30112 /* Base */ = {isa = PBXFileReference; lastKnownFileType = file.xib; name = Base; path = Base.lproj/LaunchScreen.xib; sourceTree = "<group>"; };
		AE5F1E7C19E54F0400E30112 /* UDPHolePunchingTests.xctest */ = {isa = PBXFileReference; explicitFileType = wrapper.cfbundle; includeInIndex = 0; path = UDPHolePunchingTests.xctest; sourceTree = BUILT_PRODUCTS_DIR; };
		AE5F1E8119E54F0400E30112 /* Info.plist */ = {isa = PBXFileReference; lastKnownFileType = text.plist.xml; path = Info.plist; sourceTree = "<group>"; };
		AE5F1E8219E54F0400E30112 /* UDPHolePunchingTests.swift */ = {isa = PBXFileReference; lastKnownFileType = sourcecode.swift; path = UDPHolePunchingTests.swift; sourceTree = "<group>"; };
		AE5F1E8C19E54F3200E30112 /* UDPHolePunching-Bridging-Header.h */ = {isa = PBXFileReference; lastKnownFileType = sourcecode.c.h; path = "UDPHolePunching-Bridging-Header.h"; sourceTree = "<group>"; };
		AE5F1E8D19E54F3200E30112 /* GCDAsyncUdpSocket.h */ = {isa = PBXFileReference; fileEncoding = 4; lastKnownFileType = sourcecode.c.h; path = GCDAsyncUdpSocket.h; sourceTree = "<group>"; };
		AE5F1E8E19E54F3200E30112 /* GCDAsyncUdpSocket.m */ = {isa = PBXFileReference; fileEncoding = 4; lastKnownFileType = sourcecode.c.objc; path = GCDAsyncUdpSocket.m; sourceTree = "<group>"; };
/* End PBXFileReference section */

/* Begin PBXFrameworksBuildPhase section */
		AE5F1E6419E54F0300E30112 /* Frameworks */ = {
			isa = PBXFrameworksBuildPhase;
			buildActionMask = 2147483647;
			files = (
			);
			runOnlyForDeploymentPostprocessing = 0;
		};
		AE5F1E7919E54F0400E30112 /* Frameworks */ = {
			isa = PBXFrameworksBuildPhase;
			buildActionMask = 2147483647;
			files = (
			);
			runOnlyForDeploymentPostprocessing = 0;
		};
/* End PBXFrameworksBuildPhase section */

/* Begin PBXGroup section */
		AE5F1E5E19E54F0300E30112 = {
			isa = PBXGroup;
			children = (
				AE5F1E6919E54F0300E30112 /* UDPHolePunching */,
				AE5F1E7F19E54F0400E30112 /* UDPHolePunchingTests */,
				AE5F1E6819E54F0300E30112 /* Products */,
			);
			sourceTree = "<group>";
		};
		AE5F1E6819E54F0300E30112 /* Products */ = {
			isa = PBXGroup;
			children = (
				AE5F1E6719E54F0300E30112 /* UDPHolePunching.app */,
				AE5F1E7C19E54F0400E30112 /* UDPHolePunchingTests.xctest */,
			);
			name = Products;
			sourceTree = "<group>";
		};
		AE5F1E6919E54F0300E30112 /* UDPHolePunching */ = {
			isa = PBXGroup;
			children = (
				AE5F1E6C19E54F0400E30112 /* AppDelegate.swift */,
				AE5F1E6E19E54F0400E30112 /* ViewController.swift */,
				AE5F1E7019E54F0400E30112 /* Main.storyboard */,
				AE5F1E7319E54F0400E30112 /* Images.xcassets */,
				AE5F1E7519E54F0400E30112 /* LaunchScreen.xib */,
				AE5F1E8D19E54F3200E30112 /* GCDAsyncUdpSocket.h */,
				AE5F1E8E19E54F3200E30112 /* GCDAsyncUdpSocket.m */,
				AE5F1E6A19E54F0300E30112 /* Supporting Files */,
				AE5F1E8C19E54F3200E30112 /* UDPHolePunching-Bridging-Header.h */,
			);
			path = UDPHolePunching;
			sourceTree = "<group>";
		};
		AE5F1E6A19E54F0300E30112 /* Supporting Files */ = {
			isa = PBXGroup;
			children = (
				AE5F1E6B19E54F0400E30112 /* Info.plist */,
			);
			name = "Supporting Files";
			sourceTree = "<group>";
		};
		AE5F1E7F19E54F0400E30112 /* UDPHolePunchingTests */ = {
			isa = PBXGroup;
			children = (
				AE5F1E8219E54F0400E30112 /* UDPHolePunchingTests.swift */,
				AE5F1E8019E54F0400E30112 /* Supporting Files */,
			);
			path = UDPHolePunchingTests;
			sourceTree = "<group>";
		};
		AE5F1E8019E54F0400E30112 /* Supporting Files */ = {
			isa = PBXGroup;
			children = (
				AE5F1E8119E54F0400E30112 /* Info.plist */,
			);
			name = "Supporting Files";
			sourceTree = "<group>";
		};
/* End PBXGroup section */

/* Begin PBXNativeTarget section */
		AE5F1E6619E54F0300E30112 /* UDPHolePunching */ = {
			isa = PBXNativeTarget;
			buildConfigurationList = AE5F1E8619E54F0400E30112 /* Build configuration list for PBXNativeTarget "UDPHolePunching" */;
			buildPhases = (
				AE5F1E6319E54F0300E30112 /* Sources */,
				AE5F1E6419E54F0300E30112 /* Frameworks */,
				AE5F1E6519E54F0300E30112 /* Resources */,
			);
			buildRules = (
			);
			dependencies = (
			);
			name = UDPHolePunching;
			productName = UDPHolePunching;
			productReference = AE5F1E6719E54F0300E30112 /* UDPHolePunching.app */;
			productType = "com.apple.product-type.application";
		};
		AE5F1E7B19E54F0400E30112 /* UDPHolePunchingTests */ = {
			isa = PBXNativeTarget;
			buildConfigurationList = AE5F1E8919E54F0400E30112 /* Build configuration list for PBXNativeTarget "UDPHolePunchingTests" */;
			buildPhases = (
				AE5F1E7819E54F0400E30112 /* Sources */,
				AE5F1E7919E54F0400E30112 /* Frameworks */,
				AE5F1E7A19E54F0400E30112 /* Resources */,
			);
			buildRules = (
			);
			dependencies = (
				AE5F1E7E19E54F0400E30112 /* PBXTargetDependency */,
			);
			name = UDPHolePunchingTests;
			productName = UDPHolePunchingTests;
			productReference = AE5F1E7C19E54F0400E30112 /* UDPHolePunchingTests.xctest */;
			productType = "com.apple.product-type.bundle.unit-test";
		};
/* End PBXNativeTarget section */

/* Begin PBXProject section */
		AE5F1E5F19E54F0300E30112 /* Project object */ = {
			isa = PBXProject;
			attributes = {
				LastUpgradeCheck = 0600;
				ORGANIZATIONNAME = "Yunus Eren Guzel";
				TargetAttributes = {
					AE5F1E6619E54F0300E30112 = {
						CreatedOnToolsVersion = 6.0.1;
					};
					AE5F1E7B19E54F0400E30112 = {
						CreatedOnToolsVersion = 6.0.1;
						TestTargetID = AE5F1E6619E54F0300E30112;
					};
				};
			};
			buildConfigurationList = AE5F1E6219E54F0300E30112 /* Build configuration list for PBXProject "UDPHolePunching" */;
			compatibilityVersion = "Xcode 3.2";
			developmentRegion = English;
			hasScannedForEncodings = 0;
			knownRegions = (
				en,
				Base,
			);
			mainGroup = AE5F1E5E19E54F0300E30112;
			productRefGroup = AE5F1E6819E54F0300E30112 /* Products */;
			projectDirPath = "";
			projectRoot = "";
			targets = (
				AE5F1E6619E54F0300E30112 /* UDPHolePunching */,
				AE5F1E7B19E54F0400E30112 /* UDPHolePunchingTests */,
			);
		};
/* End PBXProject section */

/* Begin PBXResourcesBuildPhase section */
		AE5F1E6519E54F0300E30112 /* Resources */ = {
			isa = PBXResourcesBuildPhase;
			buildActionMask = 2147483647;
			files = (
				AE5F1E7219E54F0400E30112 /* Main.storyboard in Resources */,
				AE5F1E7719E54F0400E30112 /* LaunchScreen.xib in Resources */,
				AE5F1E7419E54F0400E30112 /* Images.xcassets in Resources */,
			);
			runOnlyForDeploymentPostprocessing = 0;
		};
		AE5F1E7A19E54F0400E30112 /* Resources */ = {
			isa = PBXResourcesBuildPhase;
			buildActionMask = 2147483647;
			files = (
			);
			runOnlyForDeploymentPostprocessing = 0;
		};
/* End PBXResourcesBuildPhase section */

/* Begin PBXSourcesBuildPhase section */
		AE5F1E6319E54F0300E30112 /* Sources */ = {
			isa = PBXSourcesBuildPhase;
			buildActionMask = 2147483647;
			files = (
				AE5F1E6F19E54F0400E30112 /* ViewController.swift in Sources */,
				AE5F1E8F19E54F3200E30112 /* GCDAsyncUdpSocket.m in Sources */,
				AE5F1E6D19E54F0400E30112 /* AppDelegate.swift in Sources */,
			);
			runOnlyForDeploymentPostprocessing = 0;
		};
		AE5F1E7819E54F0400E30112 /* Sources */ = {
			isa = PBXSourcesBuildPhase;
			buildActionMask = 2147483647;
			files = (
				AE5F1E8319E54F0400E30112 /* UDPHolePunchingTests.swift in Sources */,
			);
			runOnlyForDeploymentPostprocessing = 0;
		};
/* End PBXSourcesBuildPhase section */

/* Begin PBXTargetDependency section */
		AE5F1E7E19E54F0400E30112 /* PBXTargetDependency */ = {
			isa = PBXTargetDependency;
			target = AE5F1E6619E54F0300E30112 /* UDPHolePunching */;
			targetProxy = AE5F1E7D19E54F0400E30112 /* PBXContainerItemProxy */;
		};
/* End PBXTargetDependency section */

/* Begin PBXVariantGroup section */
		AE5F1E7019E54F0400E30112 /* Main.storyboard */ = {
			isa = PBXVariantGroup;
			children = (
				AE5F1E7119E54F0400E30112 /* Base */,
			);
			name = Main.storyboard;
			sourceTree = "<group>";
		};
		AE5F1E7519E54F0400E30112 /* LaunchScreen.xib */ = {
			isa = PBXVariantGroup;
			children = (
				AE5F1E7619E54F0400E30112 /* Base */,
			);
			name = LaunchScreen.xib;
			sourceTree = "<group>";
		};
/* End PBXVariantGroup section */

/* Begin XCBuildConfiguration section */
		AE5F1E8419E54F0400E30112 /* Debug */ = {
			isa = XCBuildConfiguration;
			buildSettings = {
				ALWAYS_SEARCH_USER_PATHS = NO;
				CLANG_CXX_LANGUAGE_STANDARD = "gnu++0x";
				CLANG_CXX_LIBRARY = "libc++";
				CLANG_ENABLE_MODULES = YES;
				CLANG_ENABLE_OBJC_ARC = YES;
				CLANG_WARN_BOOL_CONVERSION = YES;
				CLANG_WARN_CONSTANT_CONVERSION = YES;
				CLANG_WARN_DIRECT_OBJC_ISA_USAGE = YES_ERROR;
				CLANG_WARN_EMPTY_BODY = YES;
				CLANG_WARN_ENUM_CONVERSION = YES;
				CLANG_WARN_INT_CONVERSION = YES;
				CLANG_WARN_OBJC_ROOT_CLASS = YES_ERROR;
				CLANG_WARN_UNREACHABLE_CODE = YES;
				CLANG_WARN__DUPLICATE_METHOD_MATCH = YES;
				"CODE_SIGN_IDENTITY[sdk=iphoneos*]" = "iPhone Developer";
				COPY_PHASE_STRIP = NO;
				ENABLE_STRICT_OBJC_MSGSEND = YES;
				GCC_C_LANGUAGE_STANDARD = gnu99;
				GCC_DYNAMIC_NO_PIC = NO;
				GCC_OPTIMIZATION_LEVEL = 0;
				GCC_PREPROCESSOR_DEFINITIONS = (
					"DEBUG=1",
					"$(inherited)",
				);
				GCC_SYMBOLS_PRIVATE_EXTERN = NO;
				GCC_WARN_64_TO_32_BIT_CONVERSION = YES;
				GCC_WARN_ABOUT_RETURN_TYPE = YES_ERROR;
				GCC_WARN_UNDECLARED_SELECTOR = YES;
				GCC_WARN_UNINITIALIZED_AUTOS = YES_AGGRESSIVE;
				GCC_WARN_UNUSED_FUNCTION = YES;
				GCC_WARN_UNUSED_VARIABLE = YES;
				IPHONEOS_DEPLOYMENT_TARGET = 8.0;
				MTL_ENABLE_DEBUG_INFO = YES;
				ONLY_ACTIVE_ARCH = YES;
				SDKROOT = iphoneos;
				SWIFT_OPTIMIZATION_LEVEL = "-Onone";
			};
			name = Debug;
		};
		AE5F1E8519E54F0400E30112 /* Release */ = {
			isa = XCBuildConfiguration;
			buildSettings = {
				ALWAYS_SEARCH_USER_PATHS = NO;
				CLANG_CXX_LANGUAGE_STANDARD = "gnu++0x";
				CLANG_CXX_LIBRARY = "libc++";
				CLANG_ENABLE_MODULES = YES;
				CLANG_ENABLE_OBJC_ARC = YES;
				CLANG_WARN_BOOL_CONVERSION = YES;
				CLANG_WARN_CONSTANT_CONVERSION = YES;
				CLANG_WARN_DIRECT_OBJC_ISA_USAGE = YES_ERROR;
				CLANG_WARN_EMPTY_BODY = YES;
				CLANG_WARN_ENUM_CONVERSION = YES;
				CLANG_WARN_INT_CONVERSION = YES;
				CLANG_WARN_OBJC_ROOT_CLASS = YES_ERROR;
				CLANG_WARN_UNREACHABLE_CODE = YES;
				CLANG_WARN__DUPLICATE_METHOD_MATCH = YES;
				"CODE_SIGN_IDENTITY[sdk=iphoneos*]" = "iPhone Developer";
				COPY_PHASE_STRIP = YES;
				ENABLE_NS_ASSERTIONS = NO;
				ENABLE_STRICT_OBJC_MSGSEND = YES;
				GCC_C_LANGUAGE_STANDARD = gnu99;
				GCC_WARN_64_TO_32_BIT_CONVERSION = YES;
				GCC_WARN_ABOUT_RETURN_TYPE = YES_ERROR;
				GCC_WARN_UNDECLARED_SELECTOR = YES;
				GCC_WARN_UNINITIALIZED_AUTOS = YES_AGGRESSIVE;
				GCC_WARN_UNUSED_FUNCTION = YES;
				GCC_WARN_UNUSED_VARIABLE = YES;
				IPHONEOS_DEPLOYMENT_TARGET = 8.0;
				MTL_ENABLE_DEBUG_INFO = NO;
				SDKROOT = iphoneos;
				VALIDATE_PRODUCT = YES;
			};
			name = Release;
		};
		AE5F1E8719E54F0400E30112 /* Debug */ = {
			isa = XCBuildConfiguration;
			buildSettings = {
				ASSETCATALOG_COMPILER_APPICON_NAME = AppIcon;
				CLANG_ENABLE_MODULES = YES;
				INFOPLIST_FILE = UDPHolePunching/Info.plist;
				LD_RUNPATH_SEARCH_PATHS = "$(inherited) @executable_path/Frameworks";
				PRODUCT_NAME = "$(TARGET_NAME)";
				SWIFT_OBJC_BRIDGING_HEADER = "UDPHolePunching/UDPHolePunching-Bridging-Header.h";
				SWIFT_OPTIMIZATION_LEVEL = "-Onone";
			};
			name = Debug;
		};
		AE5F1E8819E54F0400E30112 /* Release */ = {
			isa = XCBuildConfiguration;
			buildSettings = {
				ASSETCATALOG_COMPILER_APPICON_NAME = AppIcon;
				CLANG_ENABLE_MODULES = YES;
				INFOPLIST_FILE = UDPHolePunching/Info.plist;
				LD_RUNPATH_SEARCH_PATHS = "$(inherited) @executable_path/Frameworks";
				PRODUCT_NAME = "$(TARGET_NAME)";
				SWIFT_OBJC_BRIDGING_HEADER = "UDPHolePunching/UDPHolePunching-Bridging-Header.h";
			};
			name = Release;
		};
		AE5F1E8A19E54F0400E30112 /* Debug */ = {
			isa = XCBuildConfiguration;
			buildSettings = {
				BUNDLE_LOADER = "$(TEST_HOST)";
				FRAMEWORK_SEARCH_PATHS = (
					"$(SDKROOT)/Developer/Library/Frameworks",
					"$(inherited)",
				);
				GCC_PREPROCESSOR_DEFINITIONS = (
					"DEBUG=1",
					"$(inherited)",
				);
				INFOPLIST_FILE = UDPHolePunchingTests/Info.plist;
				LD_RUNPATH_SEARCH_PATHS = "$(inherited) @executable_path/Frameworks @loader_path/Frameworks";
				PRODUCT_NAME = "$(TARGET_NAME)";
				TEST_HOST = "$(BUILT_PRODUCTS_DIR)/UDPHolePunching.app/UDPHolePunching";
			};
			name = Debug;
		};
		AE5F1E8B19E54F0400E30112 /* Release */ = {
			isa = XCBuildConfiguration;
			buildSettings = {
				BUNDLE_LOADER = "$(TEST_HOST)";
				FRAMEWORK_SEARCH_PATHS = (
					"$(SDKROOT)/Developer/Library/Frameworks",
					"$(inherited)",
				);
				INFOPLIST_FILE = UDPHolePunchingTests/Info.plist;
				LD_RUNPATH_SEARCH_PATHS = "$(inherited) @executable_path/Frameworks @loader_path/Frameworks";
				PRODUCT_NAME = "$(TARGET_NAME)";
				TEST_HOST = "$(BUILT_PRODUCTS_DIR)/UDPHolePunching.app/UDPHolePunching";
			};
			name = Release;
		};
/* End XCBuildConfiguration section */

/* Begin XCConfigurationList section */
		AE5F1E6219E54F0300E30112 /* Build configuration list for PBXProject "UDPHolePunching" */ = {
			isa = XCConfigurationList;
			buildConfigurations = (
				AE5F1E8419E54F0400E30112 /* Debug */,
				AE5F1E8519E54F0400E30112 /* Release */,
			);
			defaultConfigurationIsVisible = 0;
			defaultConfigurationName = Release;
		};
		AE5F1E8619E54F0400E30112 /* Build configuration list for PBXNativeTarget "UDPHolePunching" */ = {
			isa = XCConfigurationList;
			buildConfigurations = (
				AE5F1E8719E54F0400E30112 /* Debug */,
				AE5F1E8819E54F0400E30112 /* Release */,
			);
			defaultConfigurationIsVisible = 0;
		};
		AE5F1E8919E54F0400E30112 /* Build configuration list for PBXNativeTarget "UDPHolePunchingTests" */ = {
			isa = XCConfigurationList;
			buildConfigurations = (
				AE5F1E8A19E54F0400E30112 /* Debug */,
				AE5F1E8B19E54F0400E30112 /* Release */,
			);
			defaultConfigurationIsVisible = 0;
		};
/* End XCConfigurationList section */
	};
	rootObject = AE5F1E5F19E54F0300E30112 /* Project object */;
}
